
Microsoft Visual Studio Solution File, Format Version 12.00
# Visual Studio Version 17
VisualStudioVersion = 17.9.34616.47
MinimumVisualStudioVersion = 10.0.40219.1
Project("{FAE04EC0-301F-11D3-BF4B-00C04F79EFBC}") = "BodyMetrics", "BodyMetrics\BodyMetrics.csproj", "{CF75F209-B3F0-4721-8E60-E2BA65E89326}"
EndProject
Global
	GlobalSection(SolutionConfigurationPlatforms) = preSolution
		Debug|Any CPU = Debug|Any CPU
		Release|Any CPU = Release|Any CPU
	EndGlobalSection
	GlobalSection(ProjectConfigurationPlatforms) = postSolution
		{CF75F209-B3F0-4721-8E60-E2BA65E89326}.Debug|Any CPU.ActiveCfg = Debug|Any CPU
		{CF75F209-B3F0-4721-8E60-E2BA65E89326}.Debug|Any CPU.Build.0 = Debug|Any CPU
		{CF75F209-B3F0-4721-8E60-E2BA65E89326}.Release|Any CPU.ActiveCfg = Release|Any CPU
		{CF75F209-B3F0-4721-8E60-E2BA65E89326}.Release|Any CPU.Build.0 = Release|Any CPU
	EndGlobalSection
	GlobalSection(SolutionProperties) = preSolution
		HideSolutionNode = FALSE
	EndGlobalSection
	GlobalSection(ExtensibilityGlobals) = postSolution
		SolutionGuid = {F0D63266-1E6D-43F3-86BF-82D5D9932AFE}
	EndGlobalSection
EndGlobal
